
Microsoft Visual Studio Solution File, Format Version 12.00
# Visual Studio 15
VisualStudioVersion = 15.0.27428.2015
MinimumVisualStudioVersion = 10.0.40219.1
Project("{FAE04EC0-301F-11D3-BF4B-00C04F79EFBC}") = "ChessWPF", "..\ChessWPF\ChessWPF.csproj", "{7B3CCA08-FB33-4B7D-BBA8-FDCA8A307703}"
EndProject
Project("{FAE04EC0-301F-11D3-BF4B-00C04F79EFBC}") = "Chess", "Chess.csproj", "{9C2D586E-9B47-4A15-A95F-A2F6E4FB2EF3}"
EndProject
Project("{FAE04EC0-301F-11D3-BF4B-00C04F79EFBC}") = "ChessLibrary", "..\ChessLibrary\ChessLibrary.csproj", "{DD1D810B-3DE5-450F-9B86-3D4ACE7C4D4C}"
EndProject
Global
	GlobalSection(SolutionConfigurationPlatforms) = preSolution
		Debug|Any CPU = Debug|Any CPU
		Release|Any CPU = Release|Any CPU
	EndGlobalSection
	GlobalSection(ProjectConfigurationPlatforms) = postSolution
		{7B3CCA08-FB33-4B7D-BBA8-FDCA8A307703}.Debug|Any CPU.ActiveCfg = Debug|Any CPU
		{7B3CCA08-FB33-4B7D-BBA8-FDCA8A307703}.Debug|Any CPU.Build.0 = Debug|Any CPU
		{7B3CCA08-FB33-4B7D-BBA8-FDCA8A307703}.Release|Any CPU.ActiveCfg = Release|Any CPU
		{7B3CCA08-FB33-4B7D-BBA8-FDCA8A307703}.Release|Any CPU.Build.0 = Release|Any CPU
		{9C2D586E-9B47-4A15-A95F-A2F6E4FB2EF3}.Debug|Any CPU.ActiveCfg = Debug|Any CPU
		{9C2D586E-9B47-4A15-A95F-A2F6E4FB2EF3}.Debug|Any CPU.Build.0 = Debug|Any CPU
		{9C2D586E-9B47-4A15-A95F-A2F6E4FB2EF3}.Release|Any CPU.ActiveCfg = Release|Any CPU
		{9C2D586E-9B47-4A15-A95F-A2F6E4FB2EF3}.Release|Any CPU.Build.0 = Release|Any CPU
		{DD1D810B-3DE5-450F-9B86-3D4ACE7C4D4C}.Debug|Any CPU.ActiveCfg = Debug|Any CPU
		{DD1D810B-3DE5-450F-9B86-3D4ACE7C4D4C}.Debug|Any CPU.Build.0 = Debug|Any CPU
		{DD1D810B-3DE5-450F-9B86-3D4ACE7C4D4C}.Release|Any CPU.ActiveCfg = Release|Any CPU
		{DD1D810B-3DE5-450F-9B86-3D4ACE7C4D4C}.Release|Any CPU.Build.0 = Release|Any CPU
	EndGlobalSection
	GlobalSection(SolutionProperties) = preSolution
		HideSolutionNode = FALSE
	EndGlobalSection
	GlobalSection(ExtensibilityGlobals) = postSolution
		SolutionGuid = {2BA30562-2256-4B96-91D4-26B5442C2C71}
	EndGlobalSection
EndGlobal
